
Microsoft Visual Studio Solution File, Format Version 12.00
# Visual Studio Version 17
VisualStudioVersion = 17.14.36121.58
MinimumVisualStudioVersion = 10.0.40219.1
Project("{2150E333-8FDC-42A3-9474-1A3956D46DE8}") = "Solution items", "Solution items", "{EC990EF4-CA13-408D-9270-C4D0C6C712EC}"
	ProjectSection(SolutionItems) = preProject
		src\docker-compose.override.yml = src\docker-compose.override.yml
		src\docker-compose.yml = src\docker-compose.yml
		global.json = global.json
		..\..\..\Pictures\project-architechture.png = ..\..\..\Pictures\project-architechture.png
		README.md = README.md
	EndProjectSection
EndProject
Project("{2150E333-8FDC-42A3-9474-1A3956D46DE8}") = "src", "src", "{02EA681E-C7D8-13C7-8484-4AC65E1B71E8}"
EndProject
Project("{2150E333-8FDC-42A3-9474-1A3956D46DE8}") = "test", "test", "{91902F61-7C2C-42C6-B7C5-19847E9AD9D2}"
EndProject
Project("{2150E333-8FDC-42A3-9474-1A3956D46DE8}") = "ApiGateways", "ApiGateways", "{C8C42F19-39C6-4B93-99E9-ACDF6C167759}"
EndProject
Project("{2150E333-8FDC-42A3-9474-1A3956D46DE8}") = "BuildingBlocks", "BuildingBlocks", "{21379BA6-8421-4D0B-BD34-B256E7292273}"
EndProject
Project("{2150E333-8FDC-42A3-9474-1A3956D46DE8}") = "Services", "Services", "{DA76FFDA-A8C5-466A-971B-550C78466B42}"
EndProject
Project("{2150E333-8FDC-42A3-9474-1A3956D46DE8}") = "WebApps", "WebApps", "{D31B1E16-C8CB-4BD5-AD5F-DF3302968581}"
EndProject
Project("{FAE04EC0-301F-11D3-BF4B-00C04F79EFBC}") = "Common.Logging", "src\BuildingBlocks\Common.Logging\Common.Logging.csproj", "{329495E2-0EED-4010-97E6-DBBEFE54E200}"
EndProject
Project("{FAE04EC0-301F-11D3-BF4B-00C04F79EFBC}") = "EvenBus.Messages", "src\BuildingBlocks\EvenBus.Messages\EvenBus.Messages.csproj", "{E951873B-4E97-4927-B11A-EF32E6D6F72F}"
EndProject
Project("{2150E333-8FDC-42A3-9474-1A3956D46DE8}") = "Product", "Product", "{F71E69F1-F093-4A1F-A69B-FCB606CF9A1B}"
EndProject
Project("{2150E333-8FDC-42A3-9474-1A3956D46DE8}") = "Customer", "Customer", "{46DC7423-77B5-4393-AEE5-94CB60B652DD}"
EndProject
Project("{2150E333-8FDC-42A3-9474-1A3956D46DE8}") = "Basket", "Basket", "{B82AE1D6-AAE1-4A85-AD77-62A6FBC0AE9E}"
EndProject
Project("{2150E333-8FDC-42A3-9474-1A3956D46DE8}") = "Ordering", "Ordering", "{3FE3446B-9F90-4B50-AA96-D6D6DDFC0607}"
EndProject
Project("{2150E333-8FDC-42A3-9474-1A3956D46DE8}") = "Inventory", "Inventory", "{F67327EB-0159-42ED-A0DD-F3CBB6E5A47E}"
EndProject
Project("{2150E333-8FDC-42A3-9474-1A3956D46DE8}") = "ScheduledJob", "ScheduledJob", "{CC936F6F-DA03-437D-AB7F-C58FC4066706}"
EndProject
Project("{FAE04EC0-301F-11D3-BF4B-00C04F79EFBC}") = "WebHeathStatus", "WebApps\WebHeathStatus\WebHeathStatus.csproj", "{5BC906C6-2C02-4328-AF03-054124985B4A}"
EndProject
Project("{FAE04EC0-301F-11D3-BF4B-00C04F79EFBC}") = "Basket.API", "src\Services\Basket.API\Basket.API.csproj", "{BAB89476-03DA-48AE-9A4B-EB3AE7D86BEA}"
EndProject
Project("{FAE04EC0-301F-11D3-BF4B-00C04F79EFBC}") = "Customer.API", "src\Services\Customer.API\Customer.API.csproj", "{420D0962-E4A7-490F-9788-7EB67E74A483}"
EndProject
Project("{FAE04EC0-301F-11D3-BF4B-00C04F79EFBC}") = "Inventory.Product.API", "src\Services\Inventory.Product.API\Inventory.Product.API.csproj", "{5212EE99-2873-40F6-B147-03AEAE5C624E}"
EndProject
Project("{FAE04EC0-301F-11D3-BF4B-00C04F79EFBC}") = "Ordering.API", "src\Services\Ordering.API\Ordering.API.csproj", "{77C041C4-D16D-49DD-A444-B61ED5E0859B}"
EndProject
Project("{FAE04EC0-301F-11D3-BF4B-00C04F79EFBC}") = "Product.API", "src\Services\Product.API\Product.API.csproj", "{FC2CA651-AF57-4796-822A-2AD9A1DB5AFA}"
EndProject
Project("{FAE04EC0-301F-11D3-BF4B-00C04F79EFBC}") = "Hangfire.API", "src\Services\Hangfire.API\Hangfire.API.csproj", "{4969ECDA-39B1-4807-89FC-650193E8D668}"
EndProject
Project("{FAE04EC0-301F-11D3-BF4B-00C04F79EFBC}") = "Contracts", "src\BuildingBlocks\Contracts\Contracts.csproj", "{EC32AB45-A434-4C42-BC06-9123E6F0F853}"
EndProject
Project("{FAE04EC0-301F-11D3-BF4B-00C04F79EFBC}") = "Infrastructure", "src\BuildingBlocks\Infrastructure\Infrastructure.csproj", "{4232504A-7C5A-40A8-A116-F1578E3B05A6}"
EndProject
Project("{FAE04EC0-301F-11D3-BF4B-00C04F79EFBC}") = "Shared", "src\BuildingBlocks\Shared\Shared.csproj", "{63623E05-C65A-47E5-AEFF-D3FBF0006ADB}"
EndProject
Project("{FAE04EC0-301F-11D3-BF4B-00C04F79EFBC}") = "OcelotApiGw", "src\ApiGateways\OcelotApiGw\OcelotApiGw.csproj", "{BF6424EC-7B4F-4C81-870F-B87E40D3EF11}"
EndProject
Global
	GlobalSection(SolutionConfigurationPlatforms) = preSolution
		Debug|Any CPU = Debug|Any CPU
		Release|Any CPU = Release|Any CPU
	EndGlobalSection
	GlobalSection(ProjectConfigurationPlatforms) = postSolution
		{329495E2-0EED-4010-97E6-DBBEFE54E200}.Debug|Any CPU.ActiveCfg = Debug|Any CPU
		{329495E2-0EED-4010-97E6-DBBEFE54E200}.Debug|Any CPU.Build.0 = Debug|Any CPU
		{329495E2-0EED-4010-97E6-DBBEFE54E200}.Release|Any CPU.ActiveCfg = Release|Any CPU
		{329495E2-0EED-4010-97E6-DBBEFE54E200}.Release|Any CPU.Build.0 = Release|Any CPU
		{E951873B-4E97-4927-B11A-EF32E6D6F72F}.Debug|Any CPU.ActiveCfg = Debug|Any CPU
		{E951873B-4E97-4927-B11A-EF32E6D6F72F}.Debug|Any CPU.Build.0 = Debug|Any CPU
		{E951873B-4E97-4927-B11A-EF32E6D6F72F}.Release|Any CPU.ActiveCfg = Release|Any CPU
		{E951873B-4E97-4927-B11A-EF32E6D6F72F}.Release|Any CPU.Build.0 = Release|Any CPU
		{5BC906C6-2C02-4328-AF03-054124985B4A}.Debug|Any CPU.ActiveCfg = Debug|Any CPU
		{5BC906C6-2C02-4328-AF03-054124985B4A}.Debug|Any CPU.Build.0 = Debug|Any CPU
		{5BC906C6-2C02-4328-AF03-054124985B4A}.Release|Any CPU.ActiveCfg = Release|Any CPU
		{5BC906C6-2C02-4328-AF03-054124985B4A}.Release|Any CPU.Build.0 = Release|Any CPU
		{BAB89476-03DA-48AE-9A4B-EB3AE7D86BEA}.Debug|Any CPU.ActiveCfg = Debug|Any CPU
		{BAB89476-03DA-48AE-9A4B-EB3AE7D86BEA}.Debug|Any CPU.Build.0 = Debug|Any CPU
		{BAB89476-03DA-48AE-9A4B-EB3AE7D86BEA}.Release|Any CPU.ActiveCfg = Release|Any CPU
		{BAB89476-03DA-48AE-9A4B-EB3AE7D86BEA}.Release|Any CPU.Build.0 = Release|Any CPU
		{420D0962-E4A7-490F-9788-7EB67E74A483}.Debug|Any CPU.ActiveCfg = Debug|Any CPU
		{420D0962-E4A7-490F-9788-7EB67E74A483}.Debug|Any CPU.Build.0 = Debug|Any CPU
		{420D0962-E4A7-490F-9788-7EB67E74A483}.Release|Any CPU.ActiveCfg = Release|Any CPU
		{420D0962-E4A7-490F-9788-7EB67E74A483}.Release|Any CPU.Build.0 = Release|Any CPU
		{5212EE99-2873-40F6-B147-03AEAE5C624E}.Debug|Any CPU.ActiveCfg = Debug|Any CPU
		{5212EE99-2873-40F6-B147-03AEAE5C624E}.Debug|Any CPU.Build.0 = Debug|Any CPU
		{5212EE99-2873-40F6-B147-03AEAE5C624E}.Release|Any CPU.ActiveCfg = Release|Any CPU
		{5212EE99-2873-40F6-B147-03AEAE5C624E}.Release|Any CPU.Build.0 = Release|Any CPU
		{77C041C4-D16D-49DD-A444-B61ED5E0859B}.Debug|Any CPU.ActiveCfg = Debug|Any CPU
		{77C041C4-D16D-49DD-A444-B61ED5E0859B}.Debug|Any CPU.Build.0 = Debug|Any CPU
		{77C041C4-D16D-49DD-A444-B61ED5E0859B}.Release|Any CPU.ActiveCfg = Release|Any CPU
		{77C041C4-D16D-49DD-A444-B61ED5E0859B}.Release|Any CPU.Build.0 = Release|Any CPU
		{FC2CA651-AF57-4796-822A-2AD9A1DB5AFA}.Debug|Any CPU.ActiveCfg = Debug|Any CPU
		{FC2CA651-AF57-4796-822A-2AD9A1DB5AFA}.Debug|Any CPU.Build.0 = Debug|Any CPU
		{FC2CA651-AF57-4796-822A-2AD9A1DB5AFA}.Release|Any CPU.ActiveCfg = Release|Any CPU
		{FC2CA651-AF57-4796-822A-2AD9A1DB5AFA}.Release|Any CPU.Build.0 = Release|Any CPU
		{4969ECDA-39B1-4807-89FC-650193E8D668}.Debug|Any CPU.ActiveCfg = Debug|Any CPU
		{4969ECDA-39B1-4807-89FC-650193E8D668}.Debug|Any CPU.Build.0 = Debug|Any CPU
		{4969ECDA-39B1-4807-89FC-650193E8D668}.Release|Any CPU.ActiveCfg = Release|Any CPU
		{4969ECDA-39B1-4807-89FC-650193E8D668}.Release|Any CPU.Build.0 = Release|Any CPU
		{EC32AB45-A434-4C42-BC06-9123E6F0F853}.Debug|Any CPU.ActiveCfg = Debug|Any CPU
		{EC32AB45-A434-4C42-BC06-9123E6F0F853}.Debug|Any CPU.Build.0 = Debug|Any CPU
		{EC32AB45-A434-4C42-BC06-9123E6F0F853}.Release|Any CPU.ActiveCfg = Release|Any CPU
		{EC32AB45-A434-4C42-BC06-9123E6F0F853}.Release|Any CPU.Build.0 = Release|Any CPU
		{4232504A-7C5A-40A8-A116-F1578E3B05A6}.Debug|Any CPU.ActiveCfg = Debug|Any CPU
		{4232504A-7C5A-40A8-A116-F1578E3B05A6}.Debug|Any CPU.Build.0 = Debug|Any CPU
		{4232504A-7C5A-40A8-A116-F1578E3B05A6}.Release|Any CPU.ActiveCfg = Release|Any CPU
		{4232504A-7C5A-40A8-A116-F1578E3B05A6}.Release|Any CPU.Build.0 = Release|Any CPU
		{63623E05-C65A-47E5-AEFF-D3FBF0006ADB}.Debug|Any CPU.ActiveCfg = Debug|Any CPU
		{63623E05-C65A-47E5-AEFF-D3FBF0006ADB}.Debug|Any CPU.Build.0 = Debug|Any CPU
		{63623E05-C65A-47E5-AEFF-D3FBF0006ADB}.Release|Any CPU.ActiveCfg = Release|Any CPU
		{63623E05-C65A-47E5-AEFF-D3FBF0006ADB}.Release|Any CPU.Build.0 = Release|Any CPU
		{BF6424EC-7B4F-4C81-870F-B87E40D3EF11}.Debug|Any CPU.ActiveCfg = Debug|Any CPU
		{BF6424EC-7B4F-4C81-870F-B87E40D3EF11}.Debug|Any CPU.Build.0 = Debug|Any CPU
		{BF6424EC-7B4F-4C81-870F-B87E40D3EF11}.Release|Any CPU.ActiveCfg = Release|Any CPU
		{BF6424EC-7B4F-4C81-870F-B87E40D3EF11}.Release|Any CPU.Build.0 = Release|Any CPU
	EndGlobalSection
	GlobalSection(SolutionProperties) = preSolution
		HideSolutionNode = FALSE
	EndGlobalSection
	GlobalSection(NestedProjects) = preSolution
		{C8C42F19-39C6-4B93-99E9-ACDF6C167759} = {02EA681E-C7D8-13C7-8484-4AC65E1B71E8}
		{21379BA6-8421-4D0B-BD34-B256E7292273} = {02EA681E-C7D8-13C7-8484-4AC65E1B71E8}
		{DA76FFDA-A8C5-466A-971B-550C78466B42} = {02EA681E-C7D8-13C7-8484-4AC65E1B71E8}
		{D31B1E16-C8CB-4BD5-AD5F-DF3302968581} = {02EA681E-C7D8-13C7-8484-4AC65E1B71E8}
		{329495E2-0EED-4010-97E6-DBBEFE54E200} = {21379BA6-8421-4D0B-BD34-B256E7292273}
		{E951873B-4E97-4927-B11A-EF32E6D6F72F} = {21379BA6-8421-4D0B-BD34-B256E7292273}
		{F71E69F1-F093-4A1F-A69B-FCB606CF9A1B} = {DA76FFDA-A8C5-466A-971B-550C78466B42}
		{46DC7423-77B5-4393-AEE5-94CB60B652DD} = {DA76FFDA-A8C5-466A-971B-550C78466B42}
		{B82AE1D6-AAE1-4A85-AD77-62A6FBC0AE9E} = {DA76FFDA-A8C5-466A-971B-550C78466B42}
		{3FE3446B-9F90-4B50-AA96-D6D6DDFC0607} = {DA76FFDA-A8C5-466A-971B-550C78466B42}
		{F67327EB-0159-42ED-A0DD-F3CBB6E5A47E} = {DA76FFDA-A8C5-466A-971B-550C78466B42}
		{CC936F6F-DA03-437D-AB7F-C58FC4066706} = {DA76FFDA-A8C5-466A-971B-550C78466B42}
		{5BC906C6-2C02-4328-AF03-054124985B4A} = {D31B1E16-C8CB-4BD5-AD5F-DF3302968581}
		{BAB89476-03DA-48AE-9A4B-EB3AE7D86BEA} = {B82AE1D6-AAE1-4A85-AD77-62A6FBC0AE9E}
		{420D0962-E4A7-490F-9788-7EB67E74A483} = {46DC7423-77B5-4393-AEE5-94CB60B652DD}
		{5212EE99-2873-40F6-B147-03AEAE5C624E} = {F67327EB-0159-42ED-A0DD-F3CBB6E5A47E}
		{77C041C4-D16D-49DD-A444-B61ED5E0859B} = {3FE3446B-9F90-4B50-AA96-D6D6DDFC0607}
		{FC2CA651-AF57-4796-822A-2AD9A1DB5AFA} = {F71E69F1-F093-4A1F-A69B-FCB606CF9A1B}
		{4969ECDA-39B1-4807-89FC-650193E8D668} = {CC936F6F-DA03-437D-AB7F-C58FC4066706}
		{EC32AB45-A434-4C42-BC06-9123E6F0F853} = {21379BA6-8421-4D0B-BD34-B256E7292273}
		{4232504A-7C5A-40A8-A116-F1578E3B05A6} = {21379BA6-8421-4D0B-BD34-B256E7292273}
		{63623E05-C65A-47E5-AEFF-D3FBF0006ADB} = {21379BA6-8421-4D0B-BD34-B256E7292273}
		{BF6424EC-7B4F-4C81-870F-B87E40D3EF11} = {C8C42F19-39C6-4B93-99E9-ACDF6C167759}
	EndGlobalSection
	GlobalSection(ExtensibilityGlobals) = postSolution
		SolutionGuid = {1B01D258-583A-494E-81E0-96E0D549976E}
	EndGlobalSection
EndGlobal
